
Microsoft Visual Studio Solution File, Format Version 12.00
# Visual Studio Version 16
VisualStudioVersion = 16.0.30011.22
MinimumVisualStudioVersion = 10.0.40219.1
Project("{FAE04EC0-301F-11D3-BF4B-00C04F79EFBC}") = "Messenger.Core", "Messenger.Core\Messenger.Core.csproj", "{41196921-ECA2-4996-B93F-5A9B7C52A540}"
EndProject
Project("{FAE04EC0-301F-11D3-BF4B-00C04F79EFBC}") = "Messenger.DAL", "Messenger.DAL\Messenger.DAL.csproj", "{33B41875-39FE-4F15-849C-13E552AEDEF3}"
EndProject
Project("{FAE04EC0-301F-11D3-BF4B-00C04F79EFBC}") = "Messenger.BLL", "Messenger.BLL\Messenger.BLL.csproj", "{7ABC2377-F7E5-4AE4-8FA8-1AAC799C1FB8}"
EndProject
Project("{FAE04EC0-301F-11D3-BF4B-00C04F79EFBC}") = "MessengerApi", "MessengerApi\MessengerApi.csproj", "{1470CEDE-D468-45CE-97B7-E775D2DBD841}"
EndProject
Project("{FAE04EC0-301F-11D3-BF4B-00C04F79EFBC}") = "MessengerClient", "MessengerClient\MessengerClient.csproj", "{863F056C-CDDD-44F8-9504-627F4DA0D88A}"
EndProject
Global
	GlobalSection(SolutionConfigurationPlatforms) = preSolution
		Debug|Any CPU = Debug|Any CPU
		Release|Any CPU = Release|Any CPU
	EndGlobalSection
	GlobalSection(ProjectConfigurationPlatforms) = postSolution
		{41196921-ECA2-4996-B93F-5A9B7C52A540}.Debug|Any CPU.ActiveCfg = Debug|Any CPU
		{41196921-ECA2-4996-B93F-5A9B7C52A540}.Debug|Any CPU.Build.0 = Debug|Any CPU
		{41196921-ECA2-4996-B93F-5A9B7C52A540}.Release|Any CPU.ActiveCfg = Release|Any CPU
		{41196921-ECA2-4996-B93F-5A9B7C52A540}.Release|Any CPU.Build.0 = Release|Any CPU
		{33B41875-39FE-4F15-849C-13E552AEDEF3}.Debug|Any CPU.ActiveCfg = Debug|Any CPU
		{33B41875-39FE-4F15-849C-13E552AEDEF3}.Debug|Any CPU.Build.0 = Debug|Any CPU
		{33B41875-39FE-4F15-849C-13E552AEDEF3}.Release|Any CPU.ActiveCfg = Release|Any CPU
		{33B41875-39FE-4F15-849C-13E552AEDEF3}.Release|Any CPU.Build.0 = Release|Any CPU
		{7ABC2377-F7E5-4AE4-8FA8-1AAC799C1FB8}.Debug|Any CPU.ActiveCfg = Debug|Any CPU
		{7ABC2377-F7E5-4AE4-8FA8-1AAC799C1FB8}.Debug|Any CPU.Build.0 = Debug|Any CPU
		{7ABC2377-F7E5-4AE4-8FA8-1AAC799C1FB8}.Release|Any CPU.ActiveCfg = Release|Any CPU
		{7ABC2377-F7E5-4AE4-8FA8-1AAC799C1FB8}.Release|Any CPU.Build.0 = Release|Any CPU
		{1470CEDE-D468-45CE-97B7-E775D2DBD841}.Debug|Any CPU.ActiveCfg = Debug|Any CPU
		{1470CEDE-D468-45CE-97B7-E775D2DBD841}.Debug|Any CPU.Build.0 = Debug|Any CPU
		{1470CEDE-D468-45CE-97B7-E775D2DBD841}.Release|Any CPU.ActiveCfg = Release|Any CPU
		{1470CEDE-D468-45CE-97B7-E775D2DBD841}.Release|Any CPU.Build.0 = Release|Any CPU
		{863F056C-CDDD-44F8-9504-627F4DA0D88A}.Debug|Any CPU.ActiveCfg = Debug|Any CPU
		{863F056C-CDDD-44F8-9504-627F4DA0D88A}.Debug|Any CPU.Build.0 = Debug|Any CPU
		{863F056C-CDDD-44F8-9504-627F4DA0D88A}.Release|Any CPU.ActiveCfg = Release|Any CPU
		{863F056C-CDDD-44F8-9504-627F4DA0D88A}.Release|Any CPU.Build.0 = Release|Any CPU
	EndGlobalSection
	GlobalSection(SolutionProperties) = preSolution
		HideSolutionNode = FALSE
	EndGlobalSection
	GlobalSection(ExtensibilityGlobals) = postSolution
		SolutionGuid = {BE10969C-5B3B-4436-847B-6F90AAB49891}
	EndGlobalSection
EndGlobal
